
Microsoft Visual Studio Solution File, Format Version 12.00
# Visual Studio Version 16
VisualStudioVersion = 16.0.30717.126
MinimumVisualStudioVersion = 10.0.40219.1
Project("{FAE04EC0-301F-11D3-BF4B-00C04F79EFBC}") = "FizzBuzz", "FizzBuzz.csproj", "{94B0DECA-E5C0-4881-A1E0-C3B720F3F8EE}"
EndProject
Project("{FAE04EC0-301F-11D3-BF4B-00C04F79EFBC}") = "FizzBuzzTests", "..\FizzBuzzTests\FizzBuzzTests.csproj", "{FD95DEB5-E8C9-4CD9-8F68-FC4E03189A87}"
EndProject
Global
	GlobalSection(SolutionConfigurationPlatforms) = preSolution
		Debug|Any CPU = Debug|Any CPU
		Release|Any CPU = Release|Any CPU
	EndGlobalSection
	GlobalSection(ProjectConfigurationPlatforms) = postSolution
		{94B0DECA-E5C0-4881-A1E0-C3B720F3F8EE}.Debug|Any CPU.ActiveCfg = Debug|Any CPU
		{94B0DECA-E5C0-4881-A1E0-C3B720F3F8EE}.Debug|Any CPU.Build.0 = Debug|Any CPU
		{94B0DECA-E5C0-4881-A1E0-C3B720F3F8EE}.Release|Any CPU.ActiveCfg = Release|Any CPU
		{94B0DECA-E5C0-4881-A1E0-C3B720F3F8EE}.Release|Any CPU.Build.0 = Release|Any CPU
		{FD95DEB5-E8C9-4CD9-8F68-FC4E03189A87}.Debug|Any CPU.ActiveCfg = Debug|Any CPU
		{FD95DEB5-E8C9-4CD9-8F68-FC4E03189A87}.Debug|Any CPU.Build.0 = Debug|Any CPU
		{FD95DEB5-E8C9-4CD9-8F68-FC4E03189A87}.Release|Any CPU.ActiveCfg = Release|Any CPU
		{FD95DEB5-E8C9-4CD9-8F68-FC4E03189A87}.Release|Any CPU.Build.0 = Release|Any CPU
	EndGlobalSection
	GlobalSection(SolutionProperties) = preSolution
		HideSolutionNode = FALSE
	EndGlobalSection
	GlobalSection(ExtensibilityGlobals) = postSolution
		SolutionGuid = {C4E3CC6B-6792-4B06-AAC3-BDEAC5A101C4}
	EndGlobalSection
EndGlobal
